// !$*UTF8*$!
{
	archiveVersion = 1;
	classes = {
	};
	objectVersion = 56;
	objects = {

/* Begin PBXBuildFile section */
		F502848D2904558D006604B3 /* Sliders in Frameworks */ = {isa = PBXBuildFile; productRef = F502848C2904558D006604B3 /* Sliders */; };
		F58E436629022660001DDABD /* Color.swift in Sources */ = {isa = PBXBuildFile; fileRef = F58E436529022660001DDABD /* Color.swift */; };
		F59A1EAB2904F0D30056A4B2 /* SoundManager.swift in Sources */ = {isa = PBXBuildFile; fileRef = F59A1EAA2904F0D30056A4B2 /* SoundManager.swift */; };
		F59A1EAD290565E70056A4B2 /* sound1.mp3 in Resources */ = {isa = PBXBuildFile; fileRef = F59A1EAC290565E70056A4B2 /* sound1.mp3 */; };
		F59A1EAE290565E70056A4B2 /* sound1.mp3 in Resources */ = {isa = PBXBuildFile; fileRef = F59A1EAC290565E70056A4B2 /* sound1.mp3 */; };
		F59A1EAF290565E70056A4B2 /* sound1.mp3 in Resources */ = {isa = PBXBuildFile; fileRef = F59A1EAC290565E70056A4B2 /* sound1.mp3 */; };
		F59A1EB42906207D0056A4B2 /* CustomButtonBG.swift in Sources */ = {isa = PBXBuildFile; fileRef = F59A1EB32906207D0056A4B2 /* CustomButtonBG.swift */; };
		F59A1EB52906207D0056A4B2 /* CustomButtonBG.swift in Sources */ = {isa = PBXBuildFile; fileRef = F59A1EB32906207D0056A4B2 /* CustomButtonBG.swift */; };
		F59A1EB62906207D0056A4B2 /* CustomButtonBG.swift in Sources */ = {isa = PBXBuildFile; fileRef = F59A1EB32906207D0056A4B2 /* CustomButtonBG.swift */; };
		F5C4FE272901DEF4003EF4DF /* Peter002_2App.swift in Sources */ = {isa = PBXBuildFile; fileRef = F5C4FE262901DEF4003EF4DF /* Peter002_2App.swift */; };
		F5C4FE2B2901DEF5003EF4DF /* Assets.xcassets in Resources */ = {isa = PBXBuildFile; fileRef = F5C4FE2A2901DEF5003EF4DF /* Assets.xcassets */; };
		F5C4FE2F2901DEF5003EF4DF /* Preview Assets.xcassets in Resources */ = {isa = PBXBuildFile; fileRef = F5C4FE2E2901DEF5003EF4DF /* Preview Assets.xcassets */; };
		F5C4FE392901DEF5003EF4DF /* Peter002_2Tests.swift in Sources */ = {isa = PBXBuildFile; fileRef = F5C4FE382901DEF5003EF4DF /* Peter002_2Tests.swift */; };
		F5C4FE432901DEF5003EF4DF /* Peter002_2UITests.swift in Sources */ = {isa = PBXBuildFile; fileRef = F5C4FE422901DEF5003EF4DF /* Peter002_2UITests.swift */; };
		F5C4FE452901DEF5003EF4DF /* Peter002_2UITestsLaunchTests.swift in Sources */ = {isa = PBXBuildFile; fileRef = F5C4FE442901DEF5003EF4DF /* Peter002_2UITestsLaunchTests.swift */; };
		F5C4FE522901DF11003EF4DF /* HomeViewModel.swift in Sources */ = {isa = PBXBuildFile; fileRef = F5C4FE512901DF11003EF4DF /* HomeViewModel.swift */; };
		F5C4FE542901DF35003EF4DF /* HomeView.swift in Sources */ = {isa = PBXBuildFile; fileRef = F5C4FE532901DF35003EF4DF /* HomeView.swift */; };
/* End PBXBuildFile section */

/* Begin PBXContainerItemProxy section */
		F5C4FE352901DEF5003EF4DF /* PBXContainerItemProxy */ = {
			isa = PBXContainerItemProxy;
			containerPortal = F5C4FE1B2901DEF4003EF4DF /* Project object */;
			proxyType = 1;
			remoteGlobalIDString = F5C4FE222901DEF4003EF4DF;
			remoteInfo = Peter002_2;
		};
		F5C4FE3F2901DEF5003EF4DF /* PBXContainerItemProxy */ = {
			isa = PBXContainerItemProxy;
			containerPortal = F5C4FE1B2901DEF4003EF4DF /* Project object */;
			proxyType = 1;
			remoteGlobalIDString = F5C4FE222901DEF4003EF4DF;
			remoteInfo = Peter002_2;
		};
/* End PBXContainerItemProxy section */

/* Begin PBXFileReference section */
		F58E436529022660001DDABD /* Color.swift */ = {isa = PBXFileReference; lastKnownFileType = sourcecode.swift; path = Color.swift; sourceTree = "<group>"; };
		F59A1EAA2904F0D30056A4B2 /* SoundManager.swift */ = {isa = PBXFileReference; lastKnownFileType = sourcecode.swift; path = SoundManager.swift; sourceTree = "<group>"; };
		F59A1EAC290565E70056A4B2 /* sound1.mp3 */ = {isa = PBXFileReference; lastKnownFileType = audio.mp3; path = sound1.mp3; sourceTree = "<group>"; };
		F59A1EB32906207D0056A4B2 /* CustomButtonBG.swift */ = {isa = PBXFileReference; lastKnownFileType = sourcecode.swift; path = CustomButtonBG.swift; sourceTree = "<group>"; };
		F5C4FE232901DEF4003EF4DF /* Peter002_2.app */ = {isa = PBXFileReference; explicitFileType = wrapper.application; includeInIndex = 0; path = Peter002_2.app; sourceTree = BUILT_PRODUCTS_DIR; };
		F5C4FE262901DEF4003EF4DF /* Peter002_2App.swift */ = {isa = PBXFileReference; lastKnownFileType = sourcecode.swift; path = Peter002_2App.swift; sourceTree = "<group>"; };
		F5C4FE2A2901DEF5003EF4DF /* Assets.xcassets */ = {isa = PBXFileReference; lastKnownFileType = folder.assetcatalog; path = Assets.xcassets; sourceTree = "<group>"; };
		F5C4FE2C2901DEF5003EF4DF /* Peter002_2.entitlements */ = {isa = PBXFileReference; lastKnownFileType = text.plist.entitlements; path = Peter002_2.entitlements; sourceTree = "<group>"; };
		F5C4FE2E2901DEF5003EF4DF /* Preview Assets.xcassets */ = {isa = PBXFileReference; lastKnownFileType = folder.assetcatalog; path = "Preview Assets.xcassets"; sourceTree = "<group>"; };
		F5C4FE342901DEF5003EF4DF /* Peter002_2Tests.xctest */ = {isa = PBXFileReference; explicitFileType = wrapper.cfbundle; includeInIndex = 0; path = Peter002_2Tests.xctest; sourceTree = BUILT_PRODUCTS_DIR; };
		F5C4FE382901DEF5003EF4DF /* Peter002_2Tests.swift */ = {isa = PBXFileReference; lastKnownFileType = sourcecode.swift; path = Peter002_2Tests.swift; sourceTree = "<group>"; };
		F5C4FE3E2901DEF5003EF4DF /* Peter002_2UITests.xctest */ = {isa = PBXFileReference; explicitFileType = wrapper.cfbundle; includeInIndex = 0; path = Peter002_2UITests.xctest; sourceTree = BUILT_PRODUCTS_DIR; };
		F5C4FE422901DEF5003EF4DF /* Peter002_2UITests.swift */ = {isa = PBXFileReference; lastKnownFileType = sourcecode.swift; path = Peter002_2UITests.swift; sourceTree = "<group>"; };
		F5C4FE442901DEF5003EF4DF /* Peter002_2UITestsLaunchTests.swift */ = {isa = PBXFileReference; lastKnownFileType = sourcecode.swift; path = Peter002_2UITestsLaunchTests.swift; sourceTree = "<group>"; };
		F5C4FE512901DF11003EF4DF /* HomeViewModel.swift */ = {isa = PBXFileReference; lastKnownFileType = sourcecode.swift; path = HomeViewModel.swift; sourceTree = "<group>"; };
		F5C4FE532901DF35003EF4DF /* HomeView.swift */ = {isa = PBXFileReference; lastKnownFileType = sourcecode.swift; path = HomeView.swift; sourceTree = "<group>"; };
/* End PBXFileReference section */

/* Begin PBXFrameworksBuildPhase section */
		F5C4FE202901DEF4003EF4DF /* Frameworks */ = {
			isa = PBXFrameworksBuildPhase;
			buildActionMask = 2147483647;
			files = (
				F502848D2904558D006604B3 /* Sliders in Frameworks */,
			);
			runOnlyForDeploymentPostprocessing = 0;
		};
		F5C4FE312901DEF5003EF4DF /* Frameworks */ = {
			isa = PBXFrameworksBuildPhase;
			buildActionMask = 2147483647;
			files = (
			);
			runOnlyForDeploymentPostprocessing = 0;
		};
		F5C4FE3B2901DEF5003EF4DF /* Frameworks */ = {
			isa = PBXFrameworksBuildPhase;
			buildActionMask = 2147483647;
			files = (
			);
			runOnlyForDeploymentPostprocessing = 0;
		};
/* End PBXFrameworksBuildPhase section */

/* Begin PBXGroup section */
		F58E43642902263B001DDABD /* Extensions */ = {
			isa = PBXGroup;
			children = (
				F58E436529022660001DDABD /* Color.swift */,
			);
			path = Extensions;
			sourceTree = "<group>";
		};
		F59A1EB0290569F50056A4B2 /* SoundManager */ = {
			isa = PBXGroup;
			children = (
				F59A1EAA2904F0D30056A4B2 /* SoundManager.swift */,
			);
			path = SoundManager;
			sourceTree = "<group>";
		};
		F59A1EB129056A7A0056A4B2 /* Views */ = {
			isa = PBXGroup;
			children = (
				F5C4FE532901DF35003EF4DF /* HomeView.swift */,
				F59A1EB32906207D0056A4B2 /* CustomButtonBG.swift */,
			);
			path = Views;
			sourceTree = "<group>";
		};
		F59A1EB229056A890056A4B2 /* ViewModels */ = {
			isa = PBXGroup;
			children = (
				F5C4FE512901DF11003EF4DF /* HomeViewModel.swift */,
			);
			path = ViewModels;
			sourceTree = "<group>";
		};
		F5C4FE1A2901DEF4003EF4DF = {
			isa = PBXGroup;
			children = (
				F5C4FE252901DEF4003EF4DF /* Peter002_2 */,
				F5C4FE372901DEF5003EF4DF /* Peter002_2Tests */,
				F5C4FE412901DEF5003EF4DF /* Peter002_2UITests */,
				F5C4FE242901DEF4003EF4DF /* Products */,
			);
			sourceTree = "<group>";
		};
		F5C4FE242901DEF4003EF4DF /* Products */ = {
			isa = PBXGroup;
			children = (
				F5C4FE232901DEF4003EF4DF /* Peter002_2.app */,
				F5C4FE342901DEF5003EF4DF /* Peter002_2Tests.xctest */,
				F5C4FE3E2901DEF5003EF4DF /* Peter002_2UITests.xctest */,
			);
			name = Products;
			sourceTree = "<group>";
		};
		F5C4FE252901DEF4003EF4DF /* Peter002_2 */ = {
			isa = PBXGroup;
			children = (
				F5C4FE262901DEF4003EF4DF /* Peter002_2App.swift */,
				F5C4FE2C2901DEF5003EF4DF /* Peter002_2.entitlements */,
				F59A1EB0290569F50056A4B2 /* SoundManager */,
				F59A1EB229056A890056A4B2 /* ViewModels */,
				F59A1EB129056A7A0056A4B2 /* Views */,
				F58E43642902263B001DDABD /* Extensions */,
				F5C4FE2A2901DEF5003EF4DF /* Assets.xcassets */,
				F59A1EAC290565E70056A4B2 /* sound1.mp3 */,
				F5C4FE2D2901DEF5003EF4DF /* Preview Content */,
			);
			path = Peter002_2;
			sourceTree = "<group>";
		};
		F5C4FE2D2901DEF5003EF4DF /* Preview Content */ = {
			isa = PBXGroup;
			children = (
				F5C4FE2E2901DEF5003EF4DF /* Preview Assets.xcassets */,
			);
			path = "Preview Content";
			sourceTree = "<group>";
		};
		F5C4FE372901DEF5003EF4DF /* Peter002_2Tests */ = {
			isa = PBXGroup;
			children = (
				F5C4FE382901DEF5003EF4DF /* Peter002_2Tests.swift */,
			);
			path = Peter002_2Tests;
			sourceTree = "<group>";
		};
		F5C4FE412901DEF5003EF4DF /* Peter002_2UITests */ = {
			isa = PBXGroup;
			children = (
				F5C4FE422901DEF5003EF4DF /* Peter002_2UITests.swift */,
				F5C4FE442901DEF5003EF4DF /* Peter002_2UITestsLaunchTests.swift */,
			);
			path = Peter002_2UITests;
			sourceTree = "<group>";
		};
/* End PBXGroup section */

/* Begin PBXNativeTarget section */
		F5C4FE222901DEF4003EF4DF /* Peter002_2 */ = {
			isa = PBXNativeTarget;
			buildConfigurationList = F5C4FE482901DEF5003EF4DF /* Build configuration list for PBXNativeTarget "Peter002_2" */;
			buildPhases = (
				F5C4FE1F2901DEF4003EF4DF /* Sources */,
				F5C4FE202901DEF4003EF4DF /* Frameworks */,
				F5C4FE212901DEF4003EF4DF /* Resources */,
			);
			buildRules = (
			);
			dependencies = (
			);
			name = Peter002_2;
			packageProductDependencies = (
				F502848C2904558D006604B3 /* Sliders */,
			);
			productName = Peter002_2;
			productReference = F5C4FE232901DEF4003EF4DF /* Peter002_2.app */;
			productType = "com.apple.product-type.application";
		};
		F5C4FE332901DEF5003EF4DF /* Peter002_2Tests */ = {
			isa = PBXNativeTarget;
			buildConfigurationList = F5C4FE4B2901DEF5003EF4DF /* Build configuration list for PBXNativeTarget "Peter002_2Tests" */;
			buildPhases = (
				F5C4FE302901DEF5003EF4DF /* Sources */,
				F5C4FE312901DEF5003EF4DF /* Frameworks */,
				F5C4FE322901DEF5003EF4DF /* Resources */,
			);
			buildRules = (
			);
			dependencies = (
				F5C4FE362901DEF5003EF4DF /* PBXTargetDependency */,
			);
			name = Peter002_2Tests;
			productName = Peter002_2Tests;
			productReference = F5C4FE342901DEF5003EF4DF /* Peter002_2Tests.xctest */;
			productType = "com.apple.product-type.bundle.unit-test";
		};
		F5C4FE3D2901DEF5003EF4DF /* Peter002_2UITests */ = {
			isa = PBXNativeTarget;
			buildConfigurationList = F5C4FE4E2901DEF5003EF4DF /* Build configuration list for PBXNativeTarget "Peter002_2UITests" */;
			buildPhases = (
				F5C4FE3A2901DEF5003EF4DF /* Sources */,
				F5C4FE3B2901DEF5003EF4DF /* Frameworks */,
				F5C4FE3C2901DEF5003EF4DF /* Resources */,
			);
			buildRules = (
			);
			dependencies = (
				F5C4FE402901DEF5003EF4DF /* PBXTargetDependency */,
			);
			name = Peter002_2UITests;
			productName = Peter002_2UITests;
			productReference = F5C4FE3E2901DEF5003EF4DF /* Peter002_2UITests.xctest */;
			productType = "com.apple.product-type.bundle.ui-testing";
		};
/* End PBXNativeTarget section */

/* Begin PBXProject section */
		F5C4FE1B2901DEF4003EF4DF /* Project object */ = {
			isa = PBXProject;
			attributes = {
				BuildIndependentTargetsInParallel = 1;
				LastSwiftUpdateCheck = 1400;
				LastUpgradeCheck = 1400;
				TargetAttributes = {
					F5C4FE222901DEF4003EF4DF = {
						CreatedOnToolsVersion = 14.0.1;
					};
					F5C4FE332901DEF5003EF4DF = {
						CreatedOnToolsVersion = 14.0.1;
						TestTargetID = F5C4FE222901DEF4003EF4DF;
					};
					F5C4FE3D2901DEF5003EF4DF = {
						CreatedOnToolsVersion = 14.0.1;
						TestTargetID = F5C4FE222901DEF4003EF4DF;
					};
				};
			};
			buildConfigurationList = F5C4FE1E2901DEF4003EF4DF /* Build configuration list for PBXProject "Peter002_2" */;
			compatibilityVersion = "Xcode 14.0";
			developmentRegion = en;
			hasScannedForEncodings = 0;
			knownRegions = (
				en,
				Base,
			);
			mainGroup = F5C4FE1A2901DEF4003EF4DF;
			packageReferences = (
				F502848B2904558D006604B3 /* XCRemoteSwiftPackageReference "swiftui-sliders" */,
			);
			productRefGroup = F5C4FE242901DEF4003EF4DF /* Products */;
			projectDirPath = "";
			projectRoot = "";
			targets = (
				F5C4FE222901DEF4003EF4DF /* Peter002_2 */,
				F5C4FE332901DEF5003EF4DF /* Peter002_2Tests */,
				F5C4FE3D2901DEF5003EF4DF /* Peter002_2UITests */,
			);
		};
/* End PBXProject section */

/* Begin PBXResourcesBuildPhase section */
		F5C4FE212901DEF4003EF4DF /* Resources */ = {
			isa = PBXResourcesBuildPhase;
			buildActionMask = 2147483647;
			files = (
				F5C4FE2F2901DEF5003EF4DF /* Preview Assets.xcassets in Resources */,
				F5C4FE2B2901DEF5003EF4DF /* Assets.xcassets in Resources */,
				F59A1EAD290565E70056A4B2 /* sound1.mp3 in Resources */,
			);
			runOnlyForDeploymentPostprocessing = 0;
		};
		F5C4FE322901DEF5003EF4DF /* Resources */ = {
			isa = PBXResourcesBuildPhase;
			buildActionMask = 2147483647;
			files = (
				F59A1EAE290565E70056A4B2 /* sound1.mp3 in Resources */,
			);
			runOnlyForDeploymentPostprocessing = 0;
		};
		F5C4FE3C2901DEF5003EF4DF /* Resources */ = {
			isa = PBXResourcesBuildPhase;
			buildActionMask = 2147483647;
			files = (
				F59A1EAF290565E70056A4B2 /* sound1.mp3 in Resources */,
			);
			runOnlyForDeploymentPostprocessing = 0;
		};
/* End PBXResourcesBuildPhase section */

/* Begin PBXSourcesBuildPhase section */
		F5C4FE1F2901DEF4003EF4DF /* Sources */ = {
			isa = PBXSourcesBuildPhase;
			buildActionMask = 2147483647;
			files = (
				F5C4FE542901DF35003EF4DF /* HomeView.swift in Sources */,
				F58E436629022660001DDABD /* Color.swift in Sources */,
				F5C4FE522901DF11003EF4DF /* HomeViewModel.swift in Sources */,
				F59A1EB42906207D0056A4B2 /* CustomButtonBG.swift in Sources */,
				F5C4FE272901DEF4003EF4DF /* Peter002_2App.swift in Sources */,
				F59A1EAB2904F0D30056A4B2 /* SoundManager.swift in Sources */,
			);
			runOnlyForDeploymentPostprocessing = 0;
		};
		F5C4FE302901DEF5003EF4DF /* Sources */ = {
			isa = PBXSourcesBuildPhase;
			buildActionMask = 2147483647;
			files = (
				F5C4FE392901DEF5003EF4DF /* Peter002_2Tests.swift in Sources */,
				F59A1EB52906207D0056A4B2 /* CustomButtonBG.swift in Sources */,
			);
			runOnlyForDeploymentPostprocessing = 0;
		};
		F5C4FE3A2901DEF5003EF4DF /* Sources */ = {
			isa = PBXSourcesBuildPhase;
			buildActionMask = 2147483647;
			files = (
				F59A1EB62906207D0056A4B2 /* CustomButtonBG.swift in Sources */,
				F5C4FE432901DEF5003EF4DF /* Peter002_2UITests.swift in Sources */,
				F5C4FE452901DEF5003EF4DF /* Peter002_2UITestsLaunchTests.swift in Sources */,
			);
			runOnlyForDeploymentPostprocessing = 0;
		};
/* End PBXSourcesBuildPhase section */

/* Begin PBXTargetDependency section */
		F5C4FE362901DEF5003EF4DF /* PBXTargetDependency */ = {
			isa = PBXTargetDependency;
			target = F5C4FE222901DEF4003EF4DF /* Peter002_2 */;
			targetProxy = F5C4FE352901DEF5003EF4DF /* PBXContainerItemProxy */;
		};
		F5C4FE402901DEF5003EF4DF /* PBXTargetDependency */ = {
			isa = PBXTargetDependency;
			target = F5C4FE222901DEF4003EF4DF /* Peter002_2 */;
			targetProxy = F5C4FE3F2901DEF5003EF4DF /* PBXContainerItemProxy */;
		};
/* End PBXTargetDependency section */

/* Begin XCBuildConfiguration section */
		F5C4FE462901DEF5003EF4DF /* Debug */ = {
			isa = XCBuildConfiguration;
			buildSettings = {
				ALWAYS_SEARCH_USER_PATHS = NO;
				CLANG_ANALYZER_NONNULL = YES;
				CLANG_ANALYZER_NUMBER_OBJECT_CONVERSION = YES_AGGRESSIVE;
				CLANG_CXX_LANGUAGE_STANDARD = "gnu++20";
				CLANG_ENABLE_MODULES = YES;
				CLANG_ENABLE_OBJC_ARC = YES;
				CLANG_ENABLE_OBJC_WEAK = YES;
				CLANG_WARN_BLOCK_CAPTURE_AUTORELEASING = YES;
				CLANG_WARN_BOOL_CONVERSION = YES;
				CLANG_WARN_COMMA = YES;
				CLANG_WARN_CONSTANT_CONVERSION = YES;
				CLANG_WARN_DEPRECATED_OBJC_IMPLEMENTATIONS = YES;
				CLANG_WARN_DIRECT_OBJC_ISA_USAGE = YES_ERROR;
				CLANG_WARN_DOCUMENTATION_COMMENTS = YES;
				CLANG_WARN_EMPTY_BODY = YES;
				CLANG_WARN_ENUM_CONVERSION = YES;
				CLANG_WARN_INFINITE_RECURSION = YES;
				CLANG_WARN_INT_CONVERSION = YES;
				CLANG_WARN_NON_LITERAL_NULL_CONVERSION = YES;
				CLANG_WARN_OBJC_IMPLICIT_RETAIN_SELF = YES;
				CLANG_WARN_OBJC_LITERAL_CONVERSION = YES;
				CLANG_WARN_OBJC_ROOT_CLASS = YES_ERROR;
				CLANG_WARN_QUOTED_INCLUDE_IN_FRAMEWORK_HEADER = YES;
				CLANG_WARN_RANGE_LOOP_ANALYSIS = YES;
				CLANG_WARN_STRICT_PROTOTYPES = YES;
				CLANG_WARN_SUSPICIOUS_MOVE = YES;
				CLANG_WARN_UNGUARDED_AVAILABILITY = YES_AGGRESSIVE;
				CLANG_WARN_UNREACHABLE_CODE = YES;
				CLANG_WARN__DUPLICATE_METHOD_MATCH = YES;
				COPY_PHASE_STRIP = NO;
				DEBUG_INFORMATION_FORMAT = dwarf;
				ENABLE_STRICT_OBJC_MSGSEND = YES;
				ENABLE_TESTABILITY = YES;
				GCC_C_LANGUAGE_STANDARD = gnu11;
				GCC_DYNAMIC_NO_PIC = NO;
				GCC_NO_COMMON_BLOCKS = YES;
				GCC_OPTIMIZATION_LEVEL = 0;
				GCC_PREPROCESSOR_DEFINITIONS = (
					"DEBUG=1",
					"$(inherited)",
				);
				GCC_WARN_64_TO_32_BIT_CONVERSION = YES;
				GCC_WARN_ABOUT_RETURN_TYPE = YES_ERROR;
				GCC_WARN_UNDECLARED_SELECTOR = YES;
				GCC_WARN_UNINITIALIZED_AUTOS = YES_AGGRESSIVE;
				GCC_WARN_UNUSED_FUNCTION = YES;
				GCC_WARN_UNUSED_VARIABLE = YES;
				MTL_ENABLE_DEBUG_INFO = INCLUDE_SOURCE;
				MTL_FAST_MATH = YES;
				ONLY_ACTIVE_ARCH = YES;
				SWIFT_ACTIVE_COMPILATION_CONDITIONS = DEBUG;
				SWIFT_OPTIMIZATION_LEVEL = "-Onone";
			};
			name = Debug;
		};
		F5C4FE472901DEF5003EF4DF /* Release */ = {
			isa = XCBuildConfiguration;
			buildSettings = {
				ALWAYS_SEARCH_USER_PATHS = NO;
				CLANG_ANALYZER_NONNULL = YES;
				CLANG_ANALYZER_NUMBER_OBJECT_CONVERSION = YES_AGGRESSIVE;
				CLANG_CXX_LANGUAGE_STANDARD = "gnu++20";
				CLANG_ENABLE_MODULES = YES;
				CLANG_ENABLE_OBJC_ARC = YES;
				CLANG_ENABLE_OBJC_WEAK = YES;
				CLANG_WARN_BLOCK_CAPTURE_AUTORELEASING = YES;
				CLANG_WARN_BOOL_CONVERSION = YES;
				CLANG_WARN_COMMA = YES;
				CLANG_WARN_CONSTANT_CONVERSION = YES;
				CLANG_WARN_DEPRECATED_OBJC_IMPLEMENTATIONS = YES;
				CLANG_WARN_DIRECT_OBJC_ISA_USAGE = YES_ERROR;
				CLANG_WARN_DOCUMENTATION_COMMENTS = YES;
				CLANG_WARN_EMPTY_BODY = YES;
				CLANG_WARN_ENUM_CONVERSION = YES;
				CLANG_WARN_INFINITE_RECURSION = YES;
				CLANG_WARN_INT_CONVERSION = YES;
				CLANG_WARN_NON_LITERAL_NULL_CONVERSION = YES;
				CLANG_WARN_OBJC_IMPLICIT_RETAIN_SELF = YES;
				CLANG_WARN_OBJC_LITERAL_CONVERSION = YES;
				CLANG_WARN_OBJC_ROOT_CLASS = YES_ERROR;
				CLANG_WARN_QUOTED_INCLUDE_IN_FRAMEWORK_HEADER = YES;
				CLANG_WARN_RANGE_LOOP_ANALYSIS = YES;
				CLANG_WARN_STRICT_PROTOTYPES = YES;
				CLANG_WARN_SUSPICIOUS_MOVE = YES;
				CLANG_WARN_UNGUARDED_AVAILABILITY = YES_AGGRESSIVE;
				CLANG_WARN_UNREACHABLE_CODE = YES;
				CLANG_WARN__DUPLICATE_METHOD_MATCH = YES;
				COPY_PHASE_STRIP = NO;
				DEBUG_INFORMATION_FORMAT = "dwarf-with-dsym";
				ENABLE_NS_ASSERTIONS = NO;
				ENABLE_STRICT_OBJC_MSGSEND = YES;
				GCC_C_LANGUAGE_STANDARD = gnu11;
				GCC_NO_COMMON_BLOCKS = YES;
				GCC_WARN_64_TO_32_BIT_CONVERSION = YES;
				GCC_WARN_ABOUT_RETURN_TYPE = YES_ERROR;
				GCC_WARN_UNDECLARED_SELECTOR = YES;
				GCC_WARN_UNINITIALIZED_AUTOS = YES_AGGRESSIVE;
				GCC_WARN_UNUSED_FUNCTION = YES;
				GCC_WARN_UNUSED_VARIABLE = YES;
				MTL_ENABLE_DEBUG_INFO = NO;
				MTL_FAST_MATH = YES;
				SWIFT_COMPILATION_MODE = wholemodule;
				SWIFT_OPTIMIZATION_LEVEL = "-O";
			};
			name = Release;
		};
		F5C4FE492901DEF5003EF4DF /* Debug */ = {
			isa = XCBuildConfiguration;
			buildSettings = {
				ASSETCATALOG_COMPILER_APPICON_NAME = AppIcon;
				ASSETCATALOG_COMPILER_GLOBAL_ACCENT_COLOR_NAME = AccentColor;
				CODE_SIGN_ENTITLEMENTS = Peter002_2/Peter002_2.entitlements;
				CODE_SIGN_STYLE = Automatic;
				CURRENT_PROJECT_VERSION = 1;
				DEVELOPMENT_ASSET_PATHS = "\"Peter002_2/Preview Content\"";
				DEVELOPMENT_TEAM = BSX5SGPRHB;
				ENABLE_HARDENED_RUNTIME = YES;
				ENABLE_PREVIEWS = YES;
				GENERATE_INFOPLIST_FILE = YES;
				"INFOPLIST_KEY_UIApplicationSceneManifest_Generation[sdk=iphoneos*]" = YES;
				"INFOPLIST_KEY_UIApplicationSceneManifest_Generation[sdk=iphonesimulator*]" = YES;
				"INFOPLIST_KEY_UIApplicationSupportsIndirectInputEvents[sdk=iphoneos*]" = YES;
				"INFOPLIST_KEY_UIApplicationSupportsIndirectInputEvents[sdk=iphonesimulator*]" = YES;
				"INFOPLIST_KEY_UILaunchScreen_Generation[sdk=iphoneos*]" = YES;
				"INFOPLIST_KEY_UILaunchScreen_Generation[sdk=iphonesimulator*]" = YES;
				"INFOPLIST_KEY_UIStatusBarStyle[sdk=iphoneos*]" = UIStatusBarStyleDefault;
				"INFOPLIST_KEY_UIStatusBarStyle[sdk=iphonesimulator*]" = UIStatusBarStyleDefault;
				INFOPLIST_KEY_UISupportedInterfaceOrientations = UIInterfaceOrientationPortrait;
				INFOPLIST_KEY_UISupportedInterfaceOrientations_iPad = "UIInterfaceOrientationPortrait UIInterfaceOrientationPortraitUpsideDown";
				IPHONEOS_DEPLOYMENT_TARGET = 15.1;
				LD_RUNPATH_SEARCH_PATHS = "@executable_path/Frameworks";
				"LD_RUNPATH_SEARCH_PATHS[sdk=macosx*]" = "@executable_path/../Frameworks";
				MACOSX_DEPLOYMENT_TARGET = 12.3;
				MARKETING_VERSION = 1.0;
				PRODUCT_BUNDLE_IDENTIFIER = "com.dong.Peter002-2";
				PRODUCT_NAME = "$(TARGET_NAME)";
				SDKROOT = auto;
				SUPPORTED_PLATFORMS = "iphoneos iphonesimulator macosx";
				SWIFT_EMIT_LOC_STRINGS = YES;
				SWIFT_VERSION = 5.0;
				TARGETED_DEVICE_FAMILY = "1,2";
			};
			name = Debug;
		};
		F5C4FE4A2901DEF5003EF4DF /* Release */ = {
			isa = XCBuildConfiguration;
			buildSettings = {
				ASSETCATALOG_COMPILER_APPICON_NAME = AppIcon;
				ASSETCATALOG_COMPILER_GLOBAL_ACCENT_COLOR_NAME = AccentColor;
				CODE_SIGN_ENTITLEMENTS = Peter002_2/Peter002_2.entitlements;
				CODE_SIGN_STYLE = Automatic;
				CURRENT_PROJECT_VERSION = 1;
				DEVELOPMENT_ASSET_PATHS = "\"Peter002_2/Preview Content\"";
				DEVELOPMENT_TEAM = BSX5SGPRHB;
				ENABLE_HARDENED_RUNTIME = YES;
				ENABLE_PREVIEWS = YES;
				GENERATE_INFOPLIST_FILE = YES;
				"INFOPLIST_KEY_UIApplicationSceneManifest_Generation[sdk=iphoneos*]" = YES;
				"INFOPLIST_KEY_UIApplicationSceneManifest_Generation[sdk=iphonesimulator*]" = YES;
				"INFOPLIST_KEY_UIApplicationSupportsIndirectInputEvents[sdk=iphoneos*]" = YES;
				"INFOPLIST_KEY_UIApplicationSupportsIndirectInputEvents[sdk=iphonesimulator*]" = YES;
				"INFOPLIST_KEY_UILaunchScreen_Generation[sdk=iphoneos*]" = YES;
				"INFOPLIST_KEY_UILaunchScreen_Generation[sdk=iphonesimulator*]" = YES;
				"INFOPLIST_KEY_UIStatusBarStyle[sdk=iphoneos*]" = UIStatusBarStyleDefault;
				"INFOPLIST_KEY_UIStatusBarStyle[sdk=iphonesimulator*]" = UIStatusBarStyleDefault;
				INFOPLIST_KEY_UISupportedInterfaceOrientations = UIInterfaceOrientationPortrait;
				INFOPLIST_KEY_UISupportedInterfaceOrientations_iPad = "UIInterfaceOrientationPortrait UIInterfaceOrientationPortraitUpsideDown";
				IPHONEOS_DEPLOYMENT_TARGET = 15.1;
				LD_RUNPATH_SEARCH_PATHS = "@executable_path/Frameworks";
				"LD_RUNPATH_SEARCH_PATHS[sdk=macosx*]" = "@executable_path/../Frameworks";
				MACOSX_DEPLOYMENT_TARGET = 12.3;
				MARKETING_VERSION = 1.0;
				PRODUCT_BUNDLE_IDENTIFIER = "com.dong.Peter002-2";
				PRODUCT_NAME = "$(TARGET_NAME)";
				SDKROOT = auto;
				SUPPORTED_PLATFORMS = "iphoneos iphonesimulator macosx";
				SWIFT_EMIT_LOC_STRINGS = YES;
				SWIFT_VERSION = 5.0;
				TARGETED_DEVICE_FAMILY = "1,2";
			};
			name = Release;
		};
		F5C4FE4C2901DEF5003EF4DF /* Debug */ = {
			isa = XCBuildConfiguration;
			buildSettings = {
				ALWAYS_EMBED_SWIFT_STANDARD_LIBRARIES = YES;
				BUNDLE_LOADER = "$(TEST_HOST)";
				CODE_SIGN_STYLE = Automatic;
				CURRENT_PROJECT_VERSION = 1;
				DEVELOPMENT_TEAM = 942H6V444Y;
				GENERATE_INFOPLIST_FILE = YES;
				IPHONEOS_DEPLOYMENT_TARGET = 16.0;
				MACOSX_DEPLOYMENT_TARGET = 12.3;
				MARKETING_VERSION = 1.0;
				PRODUCT_BUNDLE_IDENTIFIER = "com.dong.Peter002-2Tests";
				PRODUCT_NAME = "$(TARGET_NAME)";
				SDKROOT = auto;
				SUPPORTED_PLATFORMS = "iphoneos iphonesimulator macosx";
				SWIFT_EMIT_LOC_STRINGS = NO;
				SWIFT_VERSION = 5.0;
				TARGETED_DEVICE_FAMILY = "1,2";
				TEST_HOST = "$(BUILT_PRODUCTS_DIR)/Peter002_2.app/$(BUNDLE_EXECUTABLE_FOLDER_PATH)/Peter002_2";
			};
			name = Debug;
		};
		F5C4FE4D2901DEF5003EF4DF /* Release */ = {
			isa = XCBuildConfiguration;
			buildSettings = {
				ALWAYS_EMBED_SWIFT_STANDARD_LIBRARIES = YES;
				BUNDLE_LOADER = "$(TEST_HOST)";
				CODE_SIGN_STYLE = Automatic;
				CURRENT_PROJECT_VERSION = 1;
				DEVELOPMENT_TEAM = 942H6V444Y;
				GENERATE_INFOPLIST_FILE = YES;
				IPHONEOS_DEPLOYMENT_TARGET = 16.0;
				MACOSX_DEPLOYMENT_TARGET = 12.3;
				MARKETING_VERSION = 1.0;
				PRODUCT_BUNDLE_IDENTIFIER = "com.dong.Peter002-2Tests";
				PRODUCT_NAME = "$(TARGET_NAME)";
				SDKROOT = auto;
				SUPPORTED_PLATFORMS = "iphoneos iphonesimulator macosx";
				SWIFT_EMIT_LOC_STRINGS = NO;
				SWIFT_VERSION = 5.0;
				TARGETED_DEVICE_FAMILY = "1,2";
				TEST_HOST = "$(BUILT_PRODUCTS_DIR)/Peter002_2.app/$(BUNDLE_EXECUTABLE_FOLDER_PATH)/Peter002_2";
			};
			name = Release;
		};
		F5C4FE4F2901DEF5003EF4DF /* Debug */ = {
			isa = XCBuildConfiguration;
			buildSettings = {
				ALWAYS_EMBED_SWIFT_STANDARD_LIBRARIES = YES;
				CODE_SIGN_STYLE = Automatic;
				CURRENT_PROJECT_VERSION = 1;
				DEVELOPMENT_TEAM = 942H6V444Y;
				GENERATE_INFOPLIST_FILE = YES;
				IPHONEOS_DEPLOYMENT_TARGET = 16.0;
				MACOSX_DEPLOYMENT_TARGET = 12.3;
				MARKETING_VERSION = 1.0;
				PRODUCT_BUNDLE_IDENTIFIER = "com.dong.Peter002-2UITests";
				PRODUCT_NAME = "$(TARGET_NAME)";
				SDKROOT = auto;
				SUPPORTED_PLATFORMS = "iphoneos iphonesimulator macosx";
				SWIFT_EMIT_LOC_STRINGS = NO;
				SWIFT_VERSION = 5.0;
				TARGETED_DEVICE_FAMILY = "1,2";
				TEST_TARGET_NAME = Peter002_2;
			};
			name = Debug;
		};
		F5C4FE502901DEF5003EF4DF /* Release */ = {
			isa = XCBuildConfiguration;
			buildSettings = {
				ALWAYS_EMBED_SWIFT_STANDARD_LIBRARIES = YES;
				CODE_SIGN_STYLE = Automatic;
				CURRENT_PROJECT_VERSION = 1;
				DEVELOPMENT_TEAM = 942H6V444Y;
				GENERATE_INFOPLIST_FILE = YES;
				IPHONEOS_DEPLOYMENT_TARGET = 16.0;
				MACOSX_DEPLOYMENT_TARGET = 12.3;
				MARKETING_VERSION = 1.0;
				PRODUCT_BUNDLE_IDENTIFIER = "com.dong.Peter002-2UITests";
				PRODUCT_NAME = "$(TARGET_NAME)";
				SDKROOT = auto;
				SUPPORTED_PLATFORMS = "iphoneos iphonesimulator macosx";
				SWIFT_EMIT_LOC_STRINGS = NO;
				SWIFT_VERSION = 5.0;
				TARGETED_DEVICE_FAMILY = "1,2";
				TEST_TARGET_NAME = Peter002_2;
			};
			name = Release;
		};
/* End XCBuildConfiguration section */

/* Begin XCConfigurationList section */
		F5C4FE1E2901DEF4003EF4DF /* Build configuration list for PBXProject "Peter002_2" */ = {
			isa = XCConfigurationList;
			buildConfigurations = (
				F5C4FE462901DEF5003EF4DF /* Debug */,
				F5C4FE472901DEF5003EF4DF /* Release */,
			);
			defaultConfigurationIsVisible = 0;
			defaultConfigurationName = Release;
		};
		F5C4FE482901DEF5003EF4DF /* Build configuration list for PBXNativeTarget "Peter002_2" */ = {
			isa = XCConfigurationList;
			buildConfigurations = (
				F5C4FE492901DEF5003EF4DF /* Debug */,
				F5C4FE4A2901DEF5003EF4DF /* Release */,
			);
			defaultConfigurationIsVisible = 0;
			defaultConfigurationName = Release;
		};
		F5C4FE4B2901DEF5003EF4DF /* Build configuration list for PBXNativeTarget "Peter002_2Tests" */ = {
			isa = XCConfigurationList;
			buildConfigurations = (
				F5C4FE4C2901DEF5003EF4DF /* Debug */,
				F5C4FE4D2901DEF5003EF4DF /* Release */,
			);
			defaultConfigurationIsVisible = 0;
			defaultConfigurationName = Release;
		};
		F5C4FE4E2901DEF5003EF4DF /* Build configuration list for PBXNativeTarget "Peter002_2UITests" */ = {
			isa = XCConfigurationList;
			buildConfigurations = (
				F5C4FE4F2901DEF5003EF4DF /* Debug */,
				F5C4FE502901DEF5003EF4DF /* Release */,
			);
			defaultConfigurationIsVisible = 0;
			defaultConfigurationName = Release;
		};
/* End XCConfigurationList section */

/* Begin XCRemoteSwiftPackageReference section */
		F502848B2904558D006604B3 /* XCRemoteSwiftPackageReference "swiftui-sliders" */ = {
			isa = XCRemoteSwiftPackageReference;
			repositoryURL = "https://github.com/spacenation/swiftui-sliders.git";
			requirement = {
				branch = main;
				kind = branch;
			};
		};
/* End XCRemoteSwiftPackageReference section */

/* Begin XCSwiftPackageProductDependency section */
		F502848C2904558D006604B3 /* Sliders */ = {
			isa = XCSwiftPackageProductDependency;
			package = F502848B2904558D006604B3 /* XCRemoteSwiftPackageReference "swiftui-sliders" */;
			productName = Sliders;
		};
/* End XCSwiftPackageProductDependency section */
	};
	rootObject = F5C4FE1B2901DEF4003EF4DF /* Project object */;
}
